
Microsoft Visual Studio Solution File, Format Version 12.00
# Visual Studio Version 16
VisualStudioVersion = 16.0.31105.61
MinimumVisualStudioVersion = 10.0.40219.1
Project("{FAE04EC0-301F-11D3-BF4B-00C04F79EFBC}") = "APIMoviesOdata", "APIMoviesOdata.csproj", "{368DB177-0D01-4D4D-A105-1CC0D6D7AD45}"
EndProject
Global
	GlobalSection(SolutionConfigurationPlatforms) = preSolution
		Debug|Any CPU = Debug|Any CPU
		Release|Any CPU = Release|Any CPU
	EndGlobalSection
	GlobalSection(ProjectConfigurationPlatforms) = postSolution
		{368DB177-0D01-4D4D-A105-1CC0D6D7AD45}.Debug|Any CPU.ActiveCfg = Debug|Any CPU
		{368DB177-0D01-4D4D-A105-1CC0D6D7AD45}.Debug|Any CPU.Build.0 = Debug|Any CPU
		{368DB177-0D01-4D4D-A105-1CC0D6D7AD45}.Release|Any CPU.ActiveCfg = Release|Any CPU
		{368DB177-0D01-4D4D-A105-1CC0D6D7AD45}.Release|Any CPU.Build.0 = Release|Any CPU
	EndGlobalSection
	GlobalSection(SolutionProperties) = preSolution
		HideSolutionNode = FALSE
	EndGlobalSection
	GlobalSection(ExtensibilityGlobals) = postSolution
		SolutionGuid = {4E6A59FA-1EED-4DCD-A79A-6D9271CB5636}
	EndGlobalSection
EndGlobal
